
Microsoft Visual Studio Solution File, Format Version 12.00
# Visual Studio Version 17
Project("{8BC9CEB8-8B4A-11D0-8D11-00A0C91BC942}") = "ALL_BUILD", "ALL_BUILD.vcxproj", "{888A8889-71C0-315D-BFCA-BFEADAB72397}"
	ProjectSection(ProjectDependencies) = postProject
		{04AA1A36-2AC2-364B-ACF3-221F66AAC44B} = {04AA1A36-2AC2-364B-ACF3-221F66AAC44B}
		{6C283923-1604-3BE3-97B9-FFC8917050E4} = {6C283923-1604-3BE3-97B9-FFC8917050E4}
		{57D7E81E-21A5-3609-9A16-3D2C60319C43} = {57D7E81E-21A5-3609-9A16-3D2C60319C43}
	EndProjectSection
EndProject
Project("{8BC9CEB8-8B4A-11D0-8D11-00A0C91BC942}") = "ZERO_CHECK", "ZERO_CHECK.vcxproj", "{04AA1A36-2AC2-364B-ACF3-221F66AAC44B}"
	ProjectSection(ProjectDependencies) = postProject
	EndProjectSection
EndProject
Project("{8BC9CEB8-8B4A-11D0-8D11-00A0C91BC942}") = "ode1", "ode1.vcxproj", "{6C283923-1604-3BE3-97B9-FFC8917050E4}"
	ProjectSection(ProjectDependencies) = postProject
		{04AA1A36-2AC2-364B-ACF3-221F66AAC44B} = {04AA1A36-2AC2-364B-ACF3-221F66AAC44B}
	EndProjectSection
EndProject
Project("{8BC9CEB8-8B4A-11D0-8D11-00A0C91BC942}") = "test_fmi_rtwsfncfmi_mdlxchnge", "test_fmi_rtwsfncfmi_mdlxchnge.vcxproj", "{57D7E81E-21A5-3609-9A16-3D2C60319C43}"
	ProjectSection(ProjectDependencies) = postProject
		{04AA1A36-2AC2-364B-ACF3-221F66AAC44B} = {04AA1A36-2AC2-364B-ACF3-221F66AAC44B}
		{6C283923-1604-3BE3-97B9-FFC8917050E4} = {6C283923-1604-3BE3-97B9-FFC8917050E4}
	EndProjectSection
EndProject
Global
	GlobalSection(SolutionConfigurationPlatforms) = preSolution
		Debug|x64 = Debug|x64
		Release|x64 = Release|x64
		MinSizeRel|x64 = MinSizeRel|x64
		RelWithDebInfo|x64 = RelWithDebInfo|x64
	EndGlobalSection
	GlobalSection(ProjectConfigurationPlatforms) = postSolution
		{888A8889-71C0-315D-BFCA-BFEADAB72397}.Debug|x64.ActiveCfg = Debug|x64
		{888A8889-71C0-315D-BFCA-BFEADAB72397}.Release|x64.ActiveCfg = Release|x64
		{888A8889-71C0-315D-BFCA-BFEADAB72397}.MinSizeRel|x64.ActiveCfg = MinSizeRel|x64
		{888A8889-71C0-315D-BFCA-BFEADAB72397}.RelWithDebInfo|x64.ActiveCfg = RelWithDebInfo|x64
		{04AA1A36-2AC2-364B-ACF3-221F66AAC44B}.Debug|x64.ActiveCfg = Debug|x64
		{04AA1A36-2AC2-364B-ACF3-221F66AAC44B}.Debug|x64.Build.0 = Debug|x64
		{04AA1A36-2AC2-364B-ACF3-221F66AAC44B}.Release|x64.ActiveCfg = Release|x64
		{04AA1A36-2AC2-364B-ACF3-221F66AAC44B}.Release|x64.Build.0 = Release|x64
		{04AA1A36-2AC2-364B-ACF3-221F66AAC44B}.MinSizeRel|x64.ActiveCfg = MinSizeRel|x64
		{04AA1A36-2AC2-364B-ACF3-221F66AAC44B}.MinSizeRel|x64.Build.0 = MinSizeRel|x64
		{04AA1A36-2AC2-364B-ACF3-221F66AAC44B}.RelWithDebInfo|x64.ActiveCfg = RelWithDebInfo|x64
		{04AA1A36-2AC2-364B-ACF3-221F66AAC44B}.RelWithDebInfo|x64.Build.0 = RelWithDebInfo|x64
		{6C283923-1604-3BE3-97B9-FFC8917050E4}.Debug|x64.ActiveCfg = Debug|x64
		{6C283923-1604-3BE3-97B9-FFC8917050E4}.Debug|x64.Build.0 = Debug|x64
		{6C283923-1604-3BE3-97B9-FFC8917050E4}.Release|x64.ActiveCfg = Release|x64
		{6C283923-1604-3BE3-97B9-FFC8917050E4}.Release|x64.Build.0 = Release|x64
		{6C283923-1604-3BE3-97B9-FFC8917050E4}.MinSizeRel|x64.ActiveCfg = MinSizeRel|x64
		{6C283923-1604-3BE3-97B9-FFC8917050E4}.MinSizeRel|x64.Build.0 = MinSizeRel|x64
		{6C283923-1604-3BE3-97B9-FFC8917050E4}.RelWithDebInfo|x64.ActiveCfg = RelWithDebInfo|x64
		{6C283923-1604-3BE3-97B9-FFC8917050E4}.RelWithDebInfo|x64.Build.0 = RelWithDebInfo|x64
		{57D7E81E-21A5-3609-9A16-3D2C60319C43}.Debug|x64.ActiveCfg = Debug|x64
		{57D7E81E-21A5-3609-9A16-3D2C60319C43}.Debug|x64.Build.0 = Debug|x64
		{57D7E81E-21A5-3609-9A16-3D2C60319C43}.Release|x64.ActiveCfg = Release|x64
		{57D7E81E-21A5-3609-9A16-3D2C60319C43}.Release|x64.Build.0 = Release|x64
		{57D7E81E-21A5-3609-9A16-3D2C60319C43}.MinSizeRel|x64.ActiveCfg = MinSizeRel|x64
		{57D7E81E-21A5-3609-9A16-3D2C60319C43}.MinSizeRel|x64.Build.0 = MinSizeRel|x64
		{57D7E81E-21A5-3609-9A16-3D2C60319C43}.RelWithDebInfo|x64.ActiveCfg = RelWithDebInfo|x64
		{57D7E81E-21A5-3609-9A16-3D2C60319C43}.RelWithDebInfo|x64.Build.0 = RelWithDebInfo|x64
	EndGlobalSection
	GlobalSection(ExtensibilityGlobals) = postSolution
		SolutionGuid = {1BF595A8-9E97-3BE1-A033-D5326E52B619}
	EndGlobalSection
	GlobalSection(ExtensibilityAddIns) = postSolution
	EndGlobalSection
EndGlobal
