<?xml version="1.0" encoding="utf-8"?>
<Project ToolsVersion="17.0" xmlns="http://schemas.microsoft.com/developer/msbuild/2003">
  <ItemGroup>
    <CustomBuild Include="F:\GitHubRepos\FMI_test_4\test_fmi_rtwsfncfmi_cosim_sfcn_rtw_fmi\CMakeFiles\ce1be2faa99e77583514475e1afe7672\generate.stamp.rule">
      <Filter>CMake Rules</Filter>
    </CustomBuild>
  </ItemGroup>
  <ItemGroup>
    <Filter Include="CMake Rules">
      <UniqueIdentifier>{D0BFEA06-FF1C-3415-BC52-6DA974F6AF3F}</UniqueIdentifier>
    </Filter>
  </ItemGroup>
</Project>
